
Microsoft Visual Studio Solution File, Format Version 12.00
# Visual Studio 14
VisualStudioVersion = 14.0.23107.0
MinimumVisualStudioVersion = 10.0.40219.1
Project("{FAE04EC0-301F-11D3-BF4B-00C04F79EFBC}") = "SixtenLabs.Gluten", "src\SixtenLabs.Gluten\SixtenLabs.Gluten.csproj", "{E294B489-7996-4399-8168-FFF7D1ED3A2B}"
EndProject
Project("{FAE04EC0-301F-11D3-BF4B-00C04F79EFBC}") = "SixtenLabs.Gluten.Tests", "src\SixtenLabs.Gluten.Tests\SixtenLabs.Gluten.Tests.csproj", "{4C1A3445-3DE9-4E29-A6F3-A069A04CA63A}"
EndProject
Global
	GlobalSection(SolutionConfigurationPlatforms) = preSolution
		Debug|Any CPU = Debug|Any CPU
		Release|Any CPU = Release|Any CPU
	EndGlobalSection
	GlobalSection(ProjectConfigurationPlatforms) = postSolution
		{E294B489-7996-4399-8168-FFF7D1ED3A2B}.Debug|Any CPU.ActiveCfg = Debug|Any CPU
		{E294B489-7996-4399-8168-FFF7D1ED3A2B}.Debug|Any CPU.Build.0 = Debug|Any CPU
		{E294B489-7996-4399-8168-FFF7D1ED3A2B}.Release|Any CPU.ActiveCfg = Release|Any CPU
		{E294B489-7996-4399-8168-FFF7D1ED3A2B}.Release|Any CPU.Build.0 = Release|Any CPU
		{4C1A3445-3DE9-4E29-A6F3-A069A04CA63A}.Debug|Any CPU.ActiveCfg = Debug|Any CPU
		{4C1A3445-3DE9-4E29-A6F3-A069A04CA63A}.Debug|Any CPU.Build.0 = Debug|Any CPU
		{4C1A3445-3DE9-4E29-A6F3-A069A04CA63A}.Release|Any CPU.ActiveCfg = Release|Any CPU
		{4C1A3445-3DE9-4E29-A6F3-A069A04CA63A}.Release|Any CPU.Build.0 = Release|Any CPU
	EndGlobalSection
	GlobalSection(SolutionProperties) = preSolution
		HideSolutionNode = FALSE
	EndGlobalSection
EndGlobal
